// !$*UTF8*$!
{
	archiveVersion = 1;
	classes = {
	};
	objectVersion = 50;
	objects = {

/* Begin PBXBuildFile section */
		24275532215A991700FB7090 /* AppDelegate.swift in Sources */ = {isa = PBXBuildFile; fileRef = 24275531215A991700FB7090 /* AppDelegate.swift */; };
		24275534215A991700FB7090 /* GameScene.sks in Resources */ = {isa = PBXBuildFile; fileRef = 24275533215A991700FB7090 /* GameScene.sks */; };
		24275538215A991700FB7090 /* GameScene.swift in Sources */ = {isa = PBXBuildFile; fileRef = 24275537215A991700FB7090 /* GameScene.swift */; };
		2427553A215A991700FB7090 /* GameViewController.swift in Sources */ = {isa = PBXBuildFile; fileRef = 24275539215A991700FB7090 /* GameViewController.swift */; };
		2427553D215A991700FB7090 /* Main.storyboard in Resources */ = {isa = PBXBuildFile; fileRef = 2427553B215A991700FB7090 /* Main.storyboard */; };
		2427553F215A991800FB7090 /* Assets.xcassets in Resources */ = {isa = PBXBuildFile; fileRef = 2427553E215A991800FB7090 /* Assets.xcassets */; };
		24275542215A991800FB7090 /* LaunchScreen.storyboard in Resources */ = {isa = PBXBuildFile; fileRef = 24275540215A991800FB7090 /* LaunchScreen.storyboard */; };
		24275553215AA95200FB7090 /* StoreKit.framework in Frameworks */ = {isa = PBXBuildFile; fileRef = 24275552215AA95200FB7090 /* StoreKit.framework */; };
		24275555215AAAF300FB7090 /* Constants.swift in Sources */ = {isa = PBXBuildFile; fileRef = 24275554215AAAF300FB7090 /* Constants.swift */; };
		24275557215AAB3300FB7090 /* MenuScene.swift in Sources */ = {isa = PBXBuildFile; fileRef = 24275556215AAB3300FB7090 /* MenuScene.swift */; };
		24275559215AAB8D00FB7090 /* SpriteKitSceneBackground.swift in Sources */ = {isa = PBXBuildFile; fileRef = 24275558215AAB8D00FB7090 /* SpriteKitSceneBackground.swift */; };
		2427555B215AABD000FB7090 /* SpriteKitButton.swift in Sources */ = {isa = PBXBuildFile; fileRef = 2427555A215AABD000FB7090 /* SpriteKitButton.swift */; };
		2427555E215AAC1800FB7090 /* SKNodeExtensions.swift in Sources */ = {isa = PBXBuildFile; fileRef = 2427555D215AAC1800FB7090 /* SKNodeExtensions.swift */; };
		24275560215AACF300FB7090 /* ScoreScene.swift in Sources */ = {isa = PBXBuildFile; fileRef = 2427555F215AACF300FB7090 /* ScoreScene.swift */; };
		2427556B215D6FEF00FB7090 /* OceanObject.swift in Sources */ = {isa = PBXBuildFile; fileRef = 2427556A215D6FEF00FB7090 /* OceanObject.swift */; };
		2427556D215D71E900FB7090 /* MathHelper.swift in Sources */ = {isa = PBXBuildFile; fileRef = 2427556C215D71E900FB7090 /* MathHelper.swift */; };
		24CDAD50215FD5860061AD7A /* Bubble.swift in Sources */ = {isa = PBXBuildFile; fileRef = 24CDAD4F215FD5860061AD7A /* Bubble.swift */; };
		24CDAD52215FEE9C0061AD7A /* DrawHelper.swift in Sources */ = {isa = PBXBuildFile; fileRef = 24CDAD51215FEE9C0061AD7A /* DrawHelper.swift */; };
		24D2A85021654E7500EE473A /* SKActionExtensions.swift in Sources */ = {isa = PBXBuildFile; fileRef = 24D2A84F21654E7500EE473A /* SKActionExtensions.swift */; };
/* End PBXBuildFile section */

/* Begin PBXFileReference section */
		2427552E215A991700FB7090 /* OceanCleaner.app */ = {isa = PBXFileReference; explicitFileType = wrapper.application; includeInIndex = 0; path = OceanCleaner.app; sourceTree = BUILT_PRODUCTS_DIR; };
		24275531215A991700FB7090 /* AppDelegate.swift */ = {isa = PBXFileReference; lastKnownFileType = sourcecode.swift; path = AppDelegate.swift; sourceTree = "<group>"; };
		24275533215A991700FB7090 /* GameScene.sks */ = {isa = PBXFileReference; lastKnownFileType = file.sks; path = GameScene.sks; sourceTree = "<group>"; };
		24275537215A991700FB7090 /* GameScene.swift */ = {isa = PBXFileReference; lastKnownFileType = sourcecode.swift; path = GameScene.swift; sourceTree = "<group>"; };
		24275539215A991700FB7090 /* GameViewController.swift */ = {isa = PBXFileReference; lastKnownFileType = sourcecode.swift; path = GameViewController.swift; sourceTree = "<group>"; };
		2427553C215A991700FB7090 /* Base */ = {isa = PBXFileReference; lastKnownFileType = file.storyboard; name = Base; path = Base.lproj/Main.storyboard; sourceTree = "<group>"; };
		2427553E215A991800FB7090 /* Assets.xcassets */ = {isa = PBXFileReference; lastKnownFileType = folder.assetcatalog; path = Assets.xcassets; sourceTree = "<group>"; };
		24275541215A991800FB7090 /* Base */ = {isa = PBXFileReference; lastKnownFileType = file.storyboard; name = Base; path = Base.lproj/LaunchScreen.storyboard; sourceTree = "<group>"; };
		24275543215A991800FB7090 /* Info.plist */ = {isa = PBXFileReference; lastKnownFileType = text.plist.xml; path = Info.plist; sourceTree = "<group>"; };
		24275552215AA95200FB7090 /* StoreKit.framework */ = {isa = PBXFileReference; lastKnownFileType = wrapper.framework; name = StoreKit.framework; path = System/Library/Frameworks/StoreKit.framework; sourceTree = SDKROOT; };
		24275554215AAAF300FB7090 /* Constants.swift */ = {isa = PBXFileReference; lastKnownFileType = sourcecode.swift; path = Constants.swift; sourceTree = "<group>"; };
		24275556215AAB3300FB7090 /* MenuScene.swift */ = {isa = PBXFileReference; lastKnownFileType = sourcecode.swift; path = MenuScene.swift; sourceTree = "<group>"; };
		24275558215AAB8D00FB7090 /* SpriteKitSceneBackground.swift */ = {isa = PBXFileReference; lastKnownFileType = sourcecode.swift; path = SpriteKitSceneBackground.swift; sourceTree = "<group>"; };
		2427555A215AABD000FB7090 /* SpriteKitButton.swift */ = {isa = PBXFileReference; lastKnownFileType = sourcecode.swift; path = SpriteKitButton.swift; sourceTree = "<group>"; };
		2427555D215AAC1800FB7090 /* SKNodeExtensions.swift */ = {isa = PBXFileReference; lastKnownFileType = sourcecode.swift; path = SKNodeExtensions.swift; sourceTree = "<group>"; };
		2427555F215AACF300FB7090 /* ScoreScene.swift */ = {isa = PBXFileReference; lastKnownFileType = sourcecode.swift; path = ScoreScene.swift; sourceTree = "<group>"; };
		2427556A215D6FEF00FB7090 /* OceanObject.swift */ = {isa = PBXFileReference; lastKnownFileType = sourcecode.swift; path = OceanObject.swift; sourceTree = "<group>"; };
		2427556C215D71E900FB7090 /* MathHelper.swift */ = {isa = PBXFileReference; lastKnownFileType = sourcecode.swift; path = MathHelper.swift; sourceTree = "<group>"; };
		24CDAD4F215FD5860061AD7A /* Bubble.swift */ = {isa = PBXFileReference; lastKnownFileType = sourcecode.swift; path = Bubble.swift; sourceTree = "<group>"; };
		24CDAD51215FEE9C0061AD7A /* DrawHelper.swift */ = {isa = PBXFileReference; lastKnownFileType = sourcecode.swift; path = DrawHelper.swift; sourceTree = "<group>"; };
		24D2A84F21654E7500EE473A /* SKActionExtensions.swift */ = {isa = PBXFileReference; lastKnownFileType = sourcecode.swift; path = SKActionExtensions.swift; sourceTree = "<group>"; };
		4BFA4B8266A05762D794BDB1 /* Pods-OceanCleaner.debug.xcconfig */ = {isa = PBXFileReference; includeInIndex = 1; lastKnownFileType = text.xcconfig; name = "Pods-OceanCleaner.debug.xcconfig"; path = "Pods/Target Support Files/Pods-OceanCleaner/Pods-OceanCleaner.debug.xcconfig"; sourceTree = "<group>"; };
		EC90E8DCAD05DB8CF6BE193E /* Pods-OceanCleaner.release.xcconfig */ = {isa = PBXFileReference; includeInIndex = 1; lastKnownFileType = text.xcconfig; name = "Pods-OceanCleaner.release.xcconfig"; path = "Pods/Target Support Files/Pods-OceanCleaner/Pods-OceanCleaner.release.xcconfig"; sourceTree = "<group>"; };
/* End PBXFileReference section */

/* Begin PBXFrameworksBuildPhase section */
		2427552B215A991700FB7090 /* Frameworks */ = {
			isa = PBXFrameworksBuildPhase;
			buildActionMask = 2147483647;
			files = (
				24275553215AA95200FB7090 /* StoreKit.framework in Frameworks */,
			);
			runOnlyForDeploymentPostprocessing = 0;
		};
/* End PBXFrameworksBuildPhase section */

/* Begin PBXGroup section */
		24275525215A991700FB7090 = {
			isa = PBXGroup;
			children = (
				24275530215A991700FB7090 /* OceanCleaner */,
				2427552F215A991700FB7090 /* Products */,
				EDA71639515B7531E2BD2B06 /* Pods */,
				8F6C8A203FCE895AEC27024B /* Frameworks */,
			);
			sourceTree = "<group>";
		};
		2427552F215A991700FB7090 /* Products */ = {
			isa = PBXGroup;
			children = (
				2427552E215A991700FB7090 /* OceanCleaner.app */,
			);
			name = Products;
			sourceTree = "<group>";
		};
		24275530215A991700FB7090 /* OceanCleaner */ = {
			isa = PBXGroup;
			children = (
				2427554B215A9A4100FB7090 /* Scenes */,
				24275549215A9A1000FB7090 /* ViewControllers */,
				2427554C215A9A6600FB7090 /* CustomNodes */,
				2427554A215A9A3400FB7090 /* Utility */,
				2427554D215A9B1300FB7090 /* System */,
				2427553E215A991800FB7090 /* Assets.xcassets */,
			);
			path = OceanCleaner;
			sourceTree = "<group>";
		};
		24275549215A9A1000FB7090 /* ViewControllers */ = {
			isa = PBXGroup;
			children = (
				24275539215A991700FB7090 /* GameViewController.swift */,
			);
			path = ViewControllers;
			sourceTree = "<group>";
		};
		2427554A215A9A3400FB7090 /* Utility */ = {
			isa = PBXGroup;
			children = (
				24275554215AAAF300FB7090 /* Constants.swift */,
				2427555D215AAC1800FB7090 /* SKNodeExtensions.swift */,
				2427556C215D71E900FB7090 /* MathHelper.swift */,
				24CDAD51215FEE9C0061AD7A /* DrawHelper.swift */,
				24D2A84F21654E7500EE473A /* SKActionExtensions.swift */,
			);
			path = Utility;
			sourceTree = "<group>";
		};
		2427554B215A9A4100FB7090 /* Scenes */ = {
			isa = PBXGroup;
			children = (
				24275533215A991700FB7090 /* GameScene.sks */,
				24275537215A991700FB7090 /* GameScene.swift */,
				24275556215AAB3300FB7090 /* MenuScene.swift */,
				2427555F215AACF300FB7090 /* ScoreScene.swift */,
			);
			path = Scenes;
			sourceTree = "<group>";
		};
		2427554C215A9A6600FB7090 /* CustomNodes */ = {
			isa = PBXGroup;
			children = (
				24275558215AAB8D00FB7090 /* SpriteKitSceneBackground.swift */,
				2427555A215AABD000FB7090 /* SpriteKitButton.swift */,
				2427556A215D6FEF00FB7090 /* OceanObject.swift */,
				24CDAD4F215FD5860061AD7A /* Bubble.swift */,
			);
			path = CustomNodes;
			sourceTree = "<group>";
		};
		2427554D215A9B1300FB7090 /* System */ = {
			isa = PBXGroup;
			children = (
				24275531215A991700FB7090 /* AppDelegate.swift */,
				2427553B215A991700FB7090 /* Main.storyboard */,
				24275540215A991800FB7090 /* LaunchScreen.storyboard */,
				24275543215A991800FB7090 /* Info.plist */,
			);
			path = System;
			sourceTree = "<group>";
		};
		8F6C8A203FCE895AEC27024B /* Frameworks */ = {
			isa = PBXGroup;
			children = (
				24275552215AA95200FB7090 /* StoreKit.framework */,
			);
			name = Frameworks;
			sourceTree = "<group>";
		};
		EDA71639515B7531E2BD2B06 /* Pods */ = {
			isa = PBXGroup;
			children = (
				4BFA4B8266A05762D794BDB1 /* Pods-OceanCleaner.debug.xcconfig */,
				EC90E8DCAD05DB8CF6BE193E /* Pods-OceanCleaner.release.xcconfig */,
			);
			name = Pods;
			sourceTree = "<group>";
		};
/* End PBXGroup section */

/* Begin PBXNativeTarget section */
		2427552D215A991700FB7090 /* OceanCleaner */ = {
			isa = PBXNativeTarget;
			buildConfigurationList = 24275546215A991800FB7090 /* Build configuration list for PBXNativeTarget "OceanCleaner" */;
			buildPhases = (
				FCD027FD1000D737A4D28FBD /* [CP] Check Pods Manifest.lock */,
				2427552A215A991700FB7090 /* Sources */,
				2427552B215A991700FB7090 /* Frameworks */,
				2427552C215A991700FB7090 /* Resources */,
			);
			buildRules = (
			);
			dependencies = (
			);
			name = OceanCleaner;
			productName = OceanCleaner;
			productReference = 2427552E215A991700FB7090 /* OceanCleaner.app */;
			productType = "com.apple.product-type.application";
		};
/* End PBXNativeTarget section */

/* Begin PBXProject section */
		24275526215A991700FB7090 /* Project object */ = {
			isa = PBXProject;
			attributes = {
				LastSwiftUpdateCheck = 1000;
				LastUpgradeCheck = 1000;
				ORGANIZATIONNAME = "Li Ju";
				TargetAttributes = {
					2427552D215A991700FB7090 = {
						CreatedOnToolsVersion = 10.0;
					};
				};
			};
			buildConfigurationList = 24275529215A991700FB7090 /* Build configuration list for PBXProject "OceanCleaner" */;
			compatibilityVersion = "Xcode 9.3";
			developmentRegion = en;
			hasScannedForEncodings = 0;
			knownRegions = (
				en,
				Base,
			);
			mainGroup = 24275525215A991700FB7090;
			productRefGroup = 2427552F215A991700FB7090 /* Products */;
			projectDirPath = "";
			projectRoot = "";
			targets = (
				2427552D215A991700FB7090 /* OceanCleaner */,
			);
		};
/* End PBXProject section */

/* Begin PBXResourcesBuildPhase section */
		2427552C215A991700FB7090 /* Resources */ = {
			isa = PBXResourcesBuildPhase;
			buildActionMask = 2147483647;
			files = (
				2427553D215A991700FB7090 /* Main.storyboard in Resources */,
				24275534215A991700FB7090 /* GameScene.sks in Resources */,
				2427553F215A991800FB7090 /* Assets.xcassets in Resources */,
				24275542215A991800FB7090 /* LaunchScreen.storyboard in Resources */,
			);
			runOnlyForDeploymentPostprocessing = 0;
		};
/* End PBXResourcesBuildPhase section */

/* Begin PBXShellScriptBuildPhase section */
		FCD027FD1000D737A4D28FBD /* [CP] Check Pods Manifest.lock */ = {
			isa = PBXShellScriptBuildPhase;
			buildActionMask = 2147483647;
			files = (
			);
			inputFileListPaths = (
			);
			inputPaths = (
				"${PODS_PODFILE_DIR_PATH}/Podfile.lock",
				"${PODS_ROOT}/Manifest.lock",
			);
			name = "[CP] Check Pods Manifest.lock";
			outputFileListPaths = (
			);
			outputPaths = (
				"$(DERIVED_FILE_DIR)/Pods-OceanCleaner-checkManifestLockResult.txt",
			);
			runOnlyForDeploymentPostprocessing = 0;
			shellPath = /bin/sh;
			shellScript = "diff \"${PODS_PODFILE_DIR_PATH}/Podfile.lock\" \"${PODS_ROOT}/Manifest.lock\" > /dev/null\nif [ $? != 0 ] ; then\n    # print error to STDERR\n    echo \"error: The sandbox is not in sync with the Podfile.lock. Run 'pod install' or update your CocoaPods installation.\" >&2\n    exit 1\nfi\n# This output is used by Xcode 'outputs' to avoid re-running this script phase.\necho \"SUCCESS\" > \"${SCRIPT_OUTPUT_FILE_0}\"\n";
			showEnvVarsInLog = 0;
		};
/* End PBXShellScriptBuildPhase section */

/* Begin PBXSourcesBuildPhase section */
		2427552A215A991700FB7090 /* Sources */ = {
			isa = PBXSourcesBuildPhase;
			buildActionMask = 2147483647;
			files = (
				2427556B215D6FEF00FB7090 /* OceanObject.swift in Sources */,
				24CDAD50215FD5860061AD7A /* Bubble.swift in Sources */,
				24275538215A991700FB7090 /* GameScene.swift in Sources */,
				24CDAD52215FEE9C0061AD7A /* DrawHelper.swift in Sources */,
				2427553A215A991700FB7090 /* GameViewController.swift in Sources */,
				24275557215AAB3300FB7090 /* MenuScene.swift in Sources */,
				24275532215A991700FB7090 /* AppDelegate.swift in Sources */,
				24275559215AAB8D00FB7090 /* SpriteKitSceneBackground.swift in Sources */,
				2427555E215AAC1800FB7090 /* SKNodeExtensions.swift in Sources */,
				24275560215AACF300FB7090 /* ScoreScene.swift in Sources */,
				2427556D215D71E900FB7090 /* MathHelper.swift in Sources */,
				24D2A85021654E7500EE473A /* SKActionExtensions.swift in Sources */,
				2427555B215AABD000FB7090 /* SpriteKitButton.swift in Sources */,
				24275555215AAAF300FB7090 /* Constants.swift in Sources */,
			);
			runOnlyForDeploymentPostprocessing = 0;
		};
/* End PBXSourcesBuildPhase section */

/* Begin PBXVariantGroup section */
		2427553B215A991700FB7090 /* Main.storyboard */ = {
			isa = PBXVariantGroup;
			children = (
				2427553C215A991700FB7090 /* Base */,
			);
			name = Main.storyboard;
			sourceTree = "<group>";
		};
		24275540215A991800FB7090 /* LaunchScreen.storyboard */ = {
			isa = PBXVariantGroup;
			children = (
				24275541215A991800FB7090 /* Base */,
			);
			name = LaunchScreen.storyboard;
			sourceTree = "<group>";
		};
/* End PBXVariantGroup section */

/* Begin XCBuildConfiguration section */
		24275544215A991800FB7090 /* Debug */ = {
			isa = XCBuildConfiguration;
			buildSettings = {
				ALWAYS_SEARCH_USER_PATHS = NO;
				CLANG_ANALYZER_NONNULL = YES;
				CLANG_ANALYZER_NUMBER_OBJECT_CONVERSION = YES_AGGRESSIVE;
				CLANG_CXX_LANGUAGE_STANDARD = "gnu++14";
				CLANG_CXX_LIBRARY = "libc++";
				CLANG_ENABLE_MODULES = YES;
				CLANG_ENABLE_OBJC_ARC = YES;
				CLANG_ENABLE_OBJC_WEAK = YES;
				CLANG_WARN_BLOCK_CAPTURE_AUTORELEASING = YES;
				CLANG_WARN_BOOL_CONVERSION = YES;
				CLANG_WARN_COMMA = YES;
				CLANG_WARN_CONSTANT_CONVERSION = YES;
				CLANG_WARN_DEPRECATED_OBJC_IMPLEMENTATIONS = YES;
				CLANG_WARN_DIRECT_OBJC_ISA_USAGE = YES_ERROR;
				CLANG_WARN_DOCUMENTATION_COMMENTS = YES;
				CLANG_WARN_EMPTY_BODY = YES;
				CLANG_WARN_ENUM_CONVERSION = YES;
				CLANG_WARN_INFINITE_RECURSION = YES;
				CLANG_WARN_INT_CONVERSION = YES;
				CLANG_WARN_NON_LITERAL_NULL_CONVERSION = YES;
				CLANG_WARN_OBJC_IMPLICIT_RETAIN_SELF = YES;
				CLANG_WARN_OBJC_LITERAL_CONVERSION = YES;
				CLANG_WARN_OBJC_ROOT_CLASS = YES_ERROR;
				CLANG_WARN_RANGE_LOOP_ANALYSIS = YES;
				CLANG_WARN_STRICT_PROTOTYPES = YES;
				CLANG_WARN_SUSPICIOUS_MOVE = YES;
				CLANG_WARN_UNGUARDED_AVAILABILITY = YES_AGGRESSIVE;
				CLANG_WARN_UNREACHABLE_CODE = YES;
				CLANG_WARN__DUPLICATE_METHOD_MATCH = YES;
				CODE_SIGN_IDENTITY = "iPhone Developer";
				COPY_PHASE_STRIP = NO;
				DEBUG_INFORMATION_FORMAT = dwarf;
				ENABLE_STRICT_OBJC_MSGSEND = YES;
				ENABLE_TESTABILITY = YES;
				GCC_C_LANGUAGE_STANDARD = gnu11;
				GCC_DYNAMIC_NO_PIC = NO;
				GCC_NO_COMMON_BLOCKS = YES;
				GCC_OPTIMIZATION_LEVEL = 0;
				GCC_PREPROCESSOR_DEFINITIONS = (
					"DEBUG=1",
					"$(inherited)",
				);
				GCC_WARN_64_TO_32_BIT_CONVERSION = YES;
				GCC_WARN_ABOUT_RETURN_TYPE = YES_ERROR;
				GCC_WARN_UNDECLARED_SELECTOR = YES;
				GCC_WARN_UNINITIALIZED_AUTOS = YES_AGGRESSIVE;
				GCC_WARN_UNUSED_FUNCTION = YES;
				GCC_WARN_UNUSED_VARIABLE = YES;
				IPHONEOS_DEPLOYMENT_TARGET = 12.0;
				MTL_ENABLE_DEBUG_INFO = INCLUDE_SOURCE;
				MTL_FAST_MATH = YES;
				ONLY_ACTIVE_ARCH = YES;
				SDKROOT = iphoneos;
				SWIFT_ACTIVE_COMPILATION_CONDITIONS = DEBUG;
				SWIFT_OPTIMIZATION_LEVEL = "-Onone";
			};
			name = Debug;
		};
		24275545215A991800FB7090 /* Release */ = {
			isa = XCBuildConfiguration;
			buildSettings = {
				ALWAYS_SEARCH_USER_PATHS = NO;
				CLANG_ANALYZER_NONNULL = YES;
				CLANG_ANALYZER_NUMBER_OBJECT_CONVERSION = YES_AGGRESSIVE;
				CLANG_CXX_LANGUAGE_STANDARD = "gnu++14";
				CLANG_CXX_LIBRARY = "libc++";
				CLANG_ENABLE_MODULES = YES;
				CLANG_ENABLE_OBJC_ARC = YES;
				CLANG_ENABLE_OBJC_WEAK = YES;
				CLANG_WARN_BLOCK_CAPTURE_AUTORELEASING = YES;
				CLANG_WARN_BOOL_CONVERSION = YES;
				CLANG_WARN_COMMA = YES;
				CLANG_WARN_CONSTANT_CONVERSION = YES;
				CLANG_WARN_DEPRECATED_OBJC_IMPLEMENTATIONS = YES;
				CLANG_WARN_DIRECT_OBJC_ISA_USAGE = YES_ERROR;
				CLANG_WARN_DOCUMENTATION_COMMENTS = YES;
				CLANG_WARN_EMPTY_BODY = YES;
				CLANG_WARN_ENUM_CONVERSION = YES;
				CLANG_WARN_INFINITE_RECURSION = YES;
				CLANG_WARN_INT_CONVERSION = YES;
				CLANG_WARN_NON_LITERAL_NULL_CONVERSION = YES;
				CLANG_WARN_OBJC_IMPLICIT_RETAIN_SELF = YES;
				CLANG_WARN_OBJC_LITERAL_CONVERSION = YES;
				CLANG_WARN_OBJC_ROOT_CLASS = YES_ERROR;
				CLANG_WARN_RANGE_LOOP_ANALYSIS = YES;
				CLANG_WARN_STRICT_PROTOTYPES = YES;
				CLANG_WARN_SUSPICIOUS_MOVE = YES;
				CLANG_WARN_UNGUARDED_AVAILABILITY = YES_AGGRESSIVE;
				CLANG_WARN_UNREACHABLE_CODE = YES;
				CLANG_WARN__DUPLICATE_METHOD_MATCH = YES;
				CODE_SIGN_IDENTITY = "iPhone Developer";
				COPY_PHASE_STRIP = NO;
				DEBUG_INFORMATION_FORMAT = "dwarf-with-dsym";
				ENABLE_NS_ASSERTIONS = NO;
				ENABLE_STRICT_OBJC_MSGSEND = YES;
				GCC_C_LANGUAGE_STANDARD = gnu11;
				GCC_NO_COMMON_BLOCKS = YES;
				GCC_WARN_64_TO_32_BIT_CONVERSION = YES;
				GCC_WARN_ABOUT_RETURN_TYPE = YES_ERROR;
				GCC_WARN_UNDECLARED_SELECTOR = YES;
				GCC_WARN_UNINITIALIZED_AUTOS = YES_AGGRESSIVE;
				GCC_WARN_UNUSED_FUNCTION = YES;
				GCC_WARN_UNUSED_VARIABLE = YES;
				IPHONEOS_DEPLOYMENT_TARGET = 12.0;
				MTL_ENABLE_DEBUG_INFO = NO;
				MTL_FAST_MATH = YES;
				SDKROOT = iphoneos;
				SWIFT_COMPILATION_MODE = wholemodule;
				SWIFT_OPTIMIZATION_LEVEL = "-O";
				VALIDATE_PRODUCT = YES;
			};
			name = Release;
		};
		24275547215A991800FB7090 /* Debug */ = {
			isa = XCBuildConfiguration;
			baseConfigurationReference = 4BFA4B8266A05762D794BDB1 /* Pods-OceanCleaner.debug.xcconfig */;
			buildSettings = {
				ASSETCATALOG_COMPILER_APPICON_NAME = AppIcon;
				CODE_SIGN_STYLE = Automatic;
				DEVELOPMENT_TEAM = X7D766PLD8;
				INFOPLIST_FILE = OceanCleaner/System/Info.plist;
				IPHONEOS_DEPLOYMENT_TARGET = 9.0;
				LD_RUNPATH_SEARCH_PATHS = (
					"$(inherited)",
					"@executable_path/Frameworks",
				);
				PRODUCT_BUNDLE_IDENTIFIER = com.liju.OceanCleaner;
				PRODUCT_NAME = "$(TARGET_NAME)";
				SWIFT_VERSION = 4.2;
				TARGETED_DEVICE_FAMILY = "1,2";
			};
			name = Debug;
		};
		24275548215A991800FB7090 /* Release */ = {
			isa = XCBuildConfiguration;
			baseConfigurationReference = EC90E8DCAD05DB8CF6BE193E /* Pods-OceanCleaner.release.xcconfig */;
			buildSettings = {
				ASSETCATALOG_COMPILER_APPICON_NAME = AppIcon;
				CODE_SIGN_STYLE = Automatic;
				DEVELOPMENT_TEAM = X7D766PLD8;
				INFOPLIST_FILE = OceanCleaner/System/Info.plist;
				IPHONEOS_DEPLOYMENT_TARGET = 9.0;
				LD_RUNPATH_SEARCH_PATHS = (
					"$(inherited)",
					"@executable_path/Frameworks",
				);
				PRODUCT_BUNDLE_IDENTIFIER = com.liju.OceanCleaner;
				PRODUCT_NAME = "$(TARGET_NAME)";
				SWIFT_VERSION = 4.2;
				TARGETED_DEVICE_FAMILY = "1,2";
			};
			name = Release;
		};
/* End XCBuildConfiguration section */

/* Begin XCConfigurationList section */
		24275529215A991700FB7090 /* Build configuration list for PBXProject "OceanCleaner" */ = {
			isa = XCConfigurationList;
			buildConfigurations = (
				24275544215A991800FB7090 /* Debug */,
				24275545215A991800FB7090 /* Release */,
			);
			defaultConfigurationIsVisible = 0;
			defaultConfigurationName = Release;
		};
		24275546215A991800FB7090 /* Build configuration list for PBXNativeTarget "OceanCleaner" */ = {
			isa = XCConfigurationList;
			buildConfigurations = (
				24275547215A991800FB7090 /* Debug */,
				24275548215A991800FB7090 /* Release */,
			);
			defaultConfigurationIsVisible = 0;
			defaultConfigurationName = Release;
		};
/* End XCConfigurationList section */
	};
	rootObject = 24275526215A991700FB7090 /* Project object */;
}
